// !$*UTF8*$!
{
	archiveVersion = 1;
	classes = {
	};
	objectVersion = 50;
	objects = {

/* Begin PBXBuildFile section */
		A33E24B2258305EB0075C225 /* main.cpp in Sources */ = {isa = PBXBuildFile; fileRef = A33E24B1258305EB0075C225 /* main.cpp */; };
		A3A89DAE25831264003EEDFB /* OpenGL.framework in Frameworks */ = {isa = PBXBuildFile; fileRef = A3A89DAD25831264003EEDFB /* OpenGL.framework */; };
		A3A89DB02583126A003EEDFB /* GLUT.framework in Frameworks */ = {isa = PBXBuildFile; fileRef = A3A89DAF2583126A003EEDFB /* GLUT.framework */; };
		A3A89DB525831304003EEDFB /* glad.c in Sources */ = {isa = PBXBuildFile; fileRef = A3A89DB425831304003EEDFB /* glad.c */; };
		A3A89DC3258316AB003EEDFB /* libglfw.3.3.dylib in Frameworks */ = {isa = PBXBuildFile; fileRef = A3A89DC2258316AB003EEDFB /* libglfw.3.3.dylib */; };
		A3A89DC5258316EA003EEDFB /* libGLEW.2.2.0.dylib in Frameworks */ = {isa = PBXBuildFile; fileRef = A3A89DBA258314F4003EEDFB /* libGLEW.2.2.0.dylib */; };
		A3A89DCB25831879003EEDFB /* BaseGame.cpp in Sources */ = {isa = PBXBuildFile; fileRef = A3A89DC925831879003EEDFB /* BaseGame.cpp */; };
		A3A89DD1258349FA003EEDFB /* ShaderManager.cpp in Sources */ = {isa = PBXBuildFile; fileRef = A3A89DCF258349FA003EEDFB /* ShaderManager.cpp */; };
		A3A89DDC25834F37003EEDFB /* Exception.cpp in Sources */ = {isa = PBXBuildFile; fileRef = A3A89DDA25834F37003EEDFB /* Exception.cpp */; };
		A3A89DE325835BF5003EEDFB /* FileManager.cpp in Sources */ = {isa = PBXBuildFile; fileRef = A3A89DE125835BF5003EEDFB /* FileManager.cpp */; };
/* End PBXBuildFile section */

/* Begin PBXCopyFilesBuildPhase section */
		A33E24AC258305EB0075C225 /* CopyFiles */ = {
			isa = PBXCopyFilesBuildPhase;
			buildActionMask = 2147483647;
			dstPath = /usr/share/man/man1/;
			dstSubfolderSpec = 0;
			files = (
			);
			runOnlyForDeploymentPostprocessing = 1;
		};
/* End PBXCopyFilesBuildPhase section */

/* Begin PBXFileReference section */
		A33E24AE258305EB0075C225 /* Game */ = {isa = PBXFileReference; explicitFileType = "compiled.mach-o.executable"; includeInIndex = 0; path = Game; sourceTree = BUILT_PRODUCTS_DIR; };
		A33E24B1258305EB0075C225 /* main.cpp */ = {isa = PBXFileReference; lastKnownFileType = sourcecode.cpp.cpp; path = main.cpp; sourceTree = "<group>"; };
		A3A89DAD25831264003EEDFB /* OpenGL.framework */ = {isa = PBXFileReference; lastKnownFileType = wrapper.framework; name = OpenGL.framework; path = System/Library/Frameworks/OpenGL.framework; sourceTree = SDKROOT; };
		A3A89DAF2583126A003EEDFB /* GLUT.framework */ = {isa = PBXFileReference; lastKnownFileType = wrapper.framework; name = GLUT.framework; path = System/Library/Frameworks/GLUT.framework; sourceTree = SDKROOT; };
		A3A89DB425831304003EEDFB /* glad.c */ = {isa = PBXFileReference; fileEncoding = 4; lastKnownFileType = sourcecode.c.c; name = glad.c; path = "../../../书籍/glad/src/glad.c"; sourceTree = "<group>"; };
		A3A89DBA258314F4003EEDFB /* libGLEW.2.2.0.dylib */ = {isa = PBXFileReference; lastKnownFileType = "compiled.mach-o.dylib"; name = libGLEW.2.2.0.dylib; path = ../../../../usr/local/Cellar/glew/2.2.0/lib/libGLEW.2.2.0.dylib; sourceTree = "<group>"; };
		A3A89DC2258316AB003EEDFB /* libglfw.3.3.dylib */ = {isa = PBXFileReference; lastKnownFileType = "compiled.mach-o.dylib"; name = libglfw.3.3.dylib; path = ../../../../usr/local/Cellar/glfw/3.3.2/lib/libglfw.3.3.dylib; sourceTree = "<group>"; };
		A3A89DC925831879003EEDFB /* BaseGame.cpp */ = {isa = PBXFileReference; lastKnownFileType = sourcecode.cpp.cpp; path = BaseGame.cpp; sourceTree = "<group>"; };
		A3A89DCA25831879003EEDFB /* BaseGame.hpp */ = {isa = PBXFileReference; lastKnownFileType = sourcecode.cpp.h; path = BaseGame.hpp; sourceTree = "<group>"; };
		A3A89DCF258349FA003EEDFB /* ShaderManager.cpp */ = {isa = PBXFileReference; lastKnownFileType = sourcecode.cpp.cpp; path = ShaderManager.cpp; sourceTree = "<group>"; };
		A3A89DD0258349FA003EEDFB /* ShaderManager.hpp */ = {isa = PBXFileReference; lastKnownFileType = sourcecode.cpp.h; path = ShaderManager.hpp; sourceTree = "<group>"; };
		A3A89DD525834DE4003EEDFB /* Game.hpp */ = {isa = PBXFileReference; lastKnownFileType = sourcecode.cpp.h; path = Game.hpp; sourceTree = "<group>"; };
		A3A89DDA25834F37003EEDFB /* Exception.cpp */ = {isa = PBXFileReference; lastKnownFileType = sourcecode.cpp.cpp; path = Exception.cpp; sourceTree = "<group>"; };
		A3A89DDB25834F37003EEDFB /* Exception.hpp */ = {isa = PBXFileReference; lastKnownFileType = sourcecode.cpp.h; path = Exception.hpp; sourceTree = "<group>"; };
		A3A89DE125835BF5003EEDFB /* FileManager.cpp */ = {isa = PBXFileReference; lastKnownFileType = sourcecode.cpp.cpp; path = FileManager.cpp; sourceTree = "<group>"; };
		A3A89DE225835BF5003EEDFB /* FileManager.hpp */ = {isa = PBXFileReference; lastKnownFileType = sourcecode.cpp.h; path = FileManager.hpp; sourceTree = "<group>"; };
		A3A89DE82583784F003EEDFB /* res */ = {isa = PBXFileReference; lastKnownFileType = folder; path = res; sourceTree = "<group>"; };
/* End PBXFileReference section */

/* Begin PBXFrameworksBuildPhase section */
		A33E24AB258305EB0075C225 /* Frameworks */ = {
			isa = PBXFrameworksBuildPhase;
			buildActionMask = 2147483647;
			files = (
				A3A89DC5258316EA003EEDFB /* libGLEW.2.2.0.dylib in Frameworks */,
				A3A89DC3258316AB003EEDFB /* libglfw.3.3.dylib in Frameworks */,
				A3A89DB02583126A003EEDFB /* GLUT.framework in Frameworks */,
				A3A89DAE25831264003EEDFB /* OpenGL.framework in Frameworks */,
			);
			runOnlyForDeploymentPostprocessing = 0;
		};
/* End PBXFrameworksBuildPhase section */

/* Begin PBXGroup section */
		A33E24A5258305EB0075C225 = {
			isa = PBXGroup;
			children = (
				A33E24B0258305EB0075C225 /* Game */,
				A33E24AF258305EB0075C225 /* Products */,
				A3A89DAC25831264003EEDFB /* Frameworks */,
			);
			sourceTree = "<group>";
		};
		A33E24AF258305EB0075C225 /* Products */ = {
			isa = PBXGroup;
			children = (
				A33E24AE258305EB0075C225 /* Game */,
			);
			name = Products;
			sourceTree = "<group>";
		};
		A33E24B0258305EB0075C225 /* Game */ = {
			isa = PBXGroup;
			children = (
				A3A89DE82583784F003EEDFB /* res */,
				A3A89DC825831854003EEDFB /* include */,
				A3A89DC725831849003EEDFB /* src */,
				A3A89DB425831304003EEDFB /* glad.c */,
				A33E24B1258305EB0075C225 /* main.cpp */,
			);
			path = Game;
			sourceTree = "<group>";
		};
		A3A89DAC25831264003EEDFB /* Frameworks */ = {
			isa = PBXGroup;
			children = (
				A3A89DC2258316AB003EEDFB /* libglfw.3.3.dylib */,
				A3A89DBA258314F4003EEDFB /* libGLEW.2.2.0.dylib */,
				A3A89DAF2583126A003EEDFB /* GLUT.framework */,
				A3A89DAD25831264003EEDFB /* OpenGL.framework */,
			);
			name = Frameworks;
			sourceTree = "<group>";
		};
		A3A89DC725831849003EEDFB /* src */ = {
			isa = PBXGroup;
			children = (
				A3A89DC925831879003EEDFB /* BaseGame.cpp */,
				A3A89DE125835BF5003EEDFB /* FileManager.cpp */,
				A3A89DDA25834F37003EEDFB /* Exception.cpp */,
				A3A89DCF258349FA003EEDFB /* ShaderManager.cpp */,
			);
			path = src;
			sourceTree = "<group>";
		};
		A3A89DC825831854003EEDFB /* include */ = {
			isa = PBXGroup;
			children = (
				A3A89DD525834DE4003EEDFB /* Game.hpp */,
				A3A89DCA25831879003EEDFB /* BaseGame.hpp */,
				A3A89DD0258349FA003EEDFB /* ShaderManager.hpp */,
				A3A89DDB25834F37003EEDFB /* Exception.hpp */,
				A3A89DE225835BF5003EEDFB /* FileManager.hpp */,
			);
			path = include;
			sourceTree = "<group>";
		};
/* End PBXGroup section */

/* Begin PBXNativeTarget section */
		A33E24AD258305EB0075C225 /* Game */ = {
			isa = PBXNativeTarget;
			buildConfigurationList = A33E24B5258305EB0075C225 /* Build configuration list for PBXNativeTarget "Game" */;
			buildPhases = (
				A33E24AA258305EB0075C225 /* Sources */,
				A33E24AB258305EB0075C225 /* Frameworks */,
				A33E24AC258305EB0075C225 /* CopyFiles */,
			);
			buildRules = (
			);
			dependencies = (
			);
			name = Game;
			productName = Game;
			productReference = A33E24AE258305EB0075C225 /* Game */;
			productType = "com.apple.product-type.tool";
		};
/* End PBXNativeTarget section */

/* Begin PBXProject section */
		A33E24A6258305EB0075C225 /* Project object */ = {
			isa = PBXProject;
			attributes = {
				LastUpgradeCheck = 1220;
				TargetAttributes = {
					A33E24AD258305EB0075C225 = {
						CreatedOnToolsVersion = 12.2;
					};
				};
			};
			buildConfigurationList = A33E24A9258305EB0075C225 /* Build configuration list for PBXProject "Game" */;
			compatibilityVersion = "Xcode 9.3";
			developmentRegion = en;
			hasScannedForEncodings = 0;
			knownRegions = (
				en,
				Base,
			);
			mainGroup = A33E24A5258305EB0075C225;
			productRefGroup = A33E24AF258305EB0075C225 /* Products */;
			projectDirPath = "";
			projectRoot = "";
			targets = (
				A33E24AD258305EB0075C225 /* Game */,
			);
		};
/* End PBXProject section */

/* Begin PBXSourcesBuildPhase section */
		A33E24AA258305EB0075C225 /* Sources */ = {
			isa = PBXSourcesBuildPhase;
			buildActionMask = 2147483647;
			files = (
				A3A89DD1258349FA003EEDFB /* ShaderManager.cpp in Sources */,
				A3A89DCB25831879003EEDFB /* BaseGame.cpp in Sources */,
				A33E24B2258305EB0075C225 /* main.cpp in Sources */,
				A3A89DE325835BF5003EEDFB /* FileManager.cpp in Sources */,
				A3A89DDC25834F37003EEDFB /* Exception.cpp in Sources */,
				A3A89DB525831304003EEDFB /* glad.c in Sources */,
			);
			runOnlyForDeploymentPostprocessing = 0;
		};
/* End PBXSourcesBuildPhase section */

/* Begin XCBuildConfiguration section */
		A33E24B3258305EB0075C225 /* Debug */ = {
			isa = XCBuildConfiguration;
			buildSettings = {
				ALWAYS_SEARCH_USER_PATHS = NO;
				CLANG_ANALYZER_NONNULL = YES;
				CLANG_ANALYZER_NUMBER_OBJECT_CONVERSION = YES_AGGRESSIVE;
				CLANG_CXX_LANGUAGE_STANDARD = "gnu++14";
				CLANG_CXX_LIBRARY = "libc++";
				CLANG_ENABLE_MODULES = YES;
				CLANG_ENABLE_OBJC_ARC = YES;
				CLANG_ENABLE_OBJC_WEAK = YES;
				CLANG_WARN_BLOCK_CAPTURE_AUTORELEASING = YES;
				CLANG_WARN_BOOL_CONVERSION = YES;
				CLANG_WARN_COMMA = YES;
				CLANG_WARN_CONSTANT_CONVERSION = YES;
				CLANG_WARN_DEPRECATED_OBJC_IMPLEMENTATIONS = YES;
				CLANG_WARN_DIRECT_OBJC_ISA_USAGE = YES_ERROR;
				CLANG_WARN_DOCUMENTATION_COMMENTS = YES;
				CLANG_WARN_EMPTY_BODY = YES;
				CLANG_WARN_ENUM_CONVERSION = YES;
				CLANG_WARN_INFINITE_RECURSION = YES;
				CLANG_WARN_INT_CONVERSION = YES;
				CLANG_WARN_NON_LITERAL_NULL_CONVERSION = YES;
				CLANG_WARN_OBJC_IMPLICIT_RETAIN_SELF = YES;
				CLANG_WARN_OBJC_LITERAL_CONVERSION = YES;
				CLANG_WARN_OBJC_ROOT_CLASS = YES_ERROR;
				CLANG_WARN_QUOTED_INCLUDE_IN_FRAMEWORK_HEADER = YES;
				CLANG_WARN_RANGE_LOOP_ANALYSIS = YES;
				CLANG_WARN_STRICT_PROTOTYPES = YES;
				CLANG_WARN_SUSPICIOUS_MOVE = YES;
				CLANG_WARN_UNGUARDED_AVAILABILITY = YES_AGGRESSIVE;
				CLANG_WARN_UNREACHABLE_CODE = YES;
				CLANG_WARN__DUPLICATE_METHOD_MATCH = YES;
				COPY_PHASE_STRIP = NO;
				DEBUG_INFORMATION_FORMAT = dwarf;
				ENABLE_STRICT_OBJC_MSGSEND = YES;
				ENABLE_TESTABILITY = YES;
				GCC_C_LANGUAGE_STANDARD = gnu11;
				GCC_DYNAMIC_NO_PIC = NO;
				GCC_NO_COMMON_BLOCKS = YES;
				GCC_OPTIMIZATION_LEVEL = 0;
				GCC_PREPROCESSOR_DEFINITIONS = (
					"DEBUG=1",
					"$(inherited)",
				);
				GCC_WARN_64_TO_32_BIT_CONVERSION = YES;
				GCC_WARN_ABOUT_RETURN_TYPE = YES_ERROR;
				GCC_WARN_UNDECLARED_SELECTOR = YES;
				GCC_WARN_UNINITIALIZED_AUTOS = YES_AGGRESSIVE;
				GCC_WARN_UNUSED_FUNCTION = YES;
				GCC_WARN_UNUSED_VARIABLE = YES;
				HEADER_SEARCH_PATHS = (
					"$(inherited)",
					/usr/local/include,
					/usr/local/Cellar/glew/2.2.0/lib,
					/usr/local/Cellar/glfw/3.3.2/lib,
				);
				MACOSX_DEPLOYMENT_TARGET = 10.9;
				MTL_ENABLE_DEBUG_INFO = INCLUDE_SOURCE;
				MTL_FAST_MATH = YES;
				ONLY_ACTIVE_ARCH = YES;
				SDKROOT = macosx;
			};
			name = Debug;
		};
		A33E24B4258305EB0075C225 /* Release */ = {
			isa = XCBuildConfiguration;
			buildSettings = {
				ALWAYS_SEARCH_USER_PATHS = NO;
				CLANG_ANALYZER_NONNULL = YES;
				CLANG_ANALYZER_NUMBER_OBJECT_CONVERSION = YES_AGGRESSIVE;
				CLANG_CXX_LANGUAGE_STANDARD = "gnu++14";
				CLANG_CXX_LIBRARY = "libc++";
				CLANG_ENABLE_MODULES = YES;
				CLANG_ENABLE_OBJC_ARC = YES;
				CLANG_ENABLE_OBJC_WEAK = YES;
				CLANG_WARN_BLOCK_CAPTURE_AUTORELEASING = YES;
				CLANG_WARN_BOOL_CONVERSION = YES;
				CLANG_WARN_COMMA = YES;
				CLANG_WARN_CONSTANT_CONVERSION = YES;
				CLANG_WARN_DEPRECATED_OBJC_IMPLEMENTATIONS = YES;
				CLANG_WARN_DIRECT_OBJC_ISA_USAGE = YES_ERROR;
				CLANG_WARN_DOCUMENTATION_COMMENTS = YES;
				CLANG_WARN_EMPTY_BODY = YES;
				CLANG_WARN_ENUM_CONVERSION = YES;
				CLANG_WARN_INFINITE_RECURSION = YES;
				CLANG_WARN_INT_CONVERSION = YES;
				CLANG_WARN_NON_LITERAL_NULL_CONVERSION = YES;
				CLANG_WARN_OBJC_IMPLICIT_RETAIN_SELF = YES;
				CLANG_WARN_OBJC_LITERAL_CONVERSION = YES;
				CLANG_WARN_OBJC_ROOT_CLASS = YES_ERROR;
				CLANG_WARN_QUOTED_INCLUDE_IN_FRAMEWORK_HEADER = YES;
				CLANG_WARN_RANGE_LOOP_ANALYSIS = YES;
				CLANG_WARN_STRICT_PROTOTYPES = YES;
				CLANG_WARN_SUSPICIOUS_MOVE = YES;
				CLANG_WARN_UNGUARDED_AVAILABILITY = YES_AGGRESSIVE;
				CLANG_WARN_UNREACHABLE_CODE = YES;
				CLANG_WARN__DUPLICATE_METHOD_MATCH = YES;
				COPY_PHASE_STRIP = NO;
				DEBUG_INFORMATION_FORMAT = "dwarf-with-dsym";
				ENABLE_NS_ASSERTIONS = NO;
				ENABLE_STRICT_OBJC_MSGSEND = YES;
				GCC_C_LANGUAGE_STANDARD = gnu11;
				GCC_NO_COMMON_BLOCKS = YES;
				GCC_WARN_64_TO_32_BIT_CONVERSION = YES;
				GCC_WARN_ABOUT_RETURN_TYPE = YES_ERROR;
				GCC_WARN_UNDECLARED_SELECTOR = YES;
				GCC_WARN_UNINITIALIZED_AUTOS = YES_AGGRESSIVE;
				GCC_WARN_UNUSED_FUNCTION = YES;
				GCC_WARN_UNUSED_VARIABLE = YES;
				HEADER_SEARCH_PATHS = (
					"$(inherited)",
					/usr/local/include,
					/usr/local/Cellar/glew/2.2.0/lib,
					/usr/local/Cellar/glfw/3.3.2/lib,
				);
				MACOSX_DEPLOYMENT_TARGET = 10.9;
				MTL_ENABLE_DEBUG_INFO = NO;
				MTL_FAST_MATH = YES;
				SDKROOT = macosx;
			};
			name = Release;
		};
		A33E24B6258305EB0075C225 /* Debug */ = {
			isa = XCBuildConfiguration;
			buildSettings = {
				CODE_SIGN_STYLE = Automatic;
				DEVELOPMENT_TEAM = 3HKMYZ3FVU;
				ENABLE_HARDENED_RUNTIME = YES;
				HEADER_SEARCH_PATHS = (
					"$(inherited)",
					/usr/local/include,
					/usr/local/Cellar/glew/2.2.0/lib,
					/usr/local/Cellar/glfw/3.3.2/lib,
				);
				LIBRARY_SEARCH_PATHS = (
					"$(inherited)",
					/usr/local/Cellar/glfw/3.3.2/lib,
					/usr/local/Cellar/glew/2.2.0/lib,
				);
				MACOSX_DEPLOYMENT_TARGET = 10.9;
				PRODUCT_NAME = "$(TARGET_NAME)";
			};
			name = Debug;
		};
		A33E24B7258305EB0075C225 /* Release */ = {
			isa = XCBuildConfiguration;
			buildSettings = {
				CODE_SIGN_STYLE = Automatic;
				DEVELOPMENT_TEAM = 3HKMYZ3FVU;
				ENABLE_HARDENED_RUNTIME = YES;
				HEADER_SEARCH_PATHS = (
					"$(inherited)",
					/usr/local/include,
					/usr/local/Cellar/glew/2.2.0/lib,
					/usr/local/Cellar/glfw/3.3.2/lib,
				);
				LIBRARY_SEARCH_PATHS = (
					"$(inherited)",
					/usr/local/Cellar/glfw/3.3.2/lib,
					/usr/local/Cellar/glew/2.2.0/lib,
				);
				MACOSX_DEPLOYMENT_TARGET = 10.9;
				PRODUCT_NAME = "$(TARGET_NAME)";
			};
			name = Release;
		};
/* End XCBuildConfiguration section */

/* Begin XCConfigurationList section */
		A33E24A9258305EB0075C225 /* Build configuration list for PBXProject "Game" */ = {
			isa = XCConfigurationList;
			buildConfigurations = (
				A33E24B3258305EB0075C225 /* Debug */,
				A33E24B4258305EB0075C225 /* Release */,
			);
			defaultConfigurationIsVisible = 0;
			defaultConfigurationName = Release;
		};
		A33E24B5258305EB0075C225 /* Build configuration list for PBXNativeTarget "Game" */ = {
			isa = XCConfigurationList;
			buildConfigurations = (
				A33E24B6258305EB0075C225 /* Debug */,
				A33E24B7258305EB0075C225 /* Release */,
			);
			defaultConfigurationIsVisible = 0;
			defaultConfigurationName = Release;
		};
/* End XCConfigurationList section */
	};
	rootObject = A33E24A6258305EB0075C225 /* Project object */;
}
